
Microsoft Visual Studio Solution File, Format Version 12.00
# Visual Studio Version 17
VisualStudioVersion = 17.6.33829.357
MinimumVisualStudioVersion = 10.0.40219.1
Project("{FAE04EC0-301F-11D3-BF4B-00C04F79EFBC}") = "CascadingDropdowns", "CascadingDropdowns\CascadingDropdowns.csproj", "{F1E19DCC-670D-462C-9589-BB43090CA243}"
EndProject
Global
	GlobalSection(SolutionConfigurationPlatforms) = preSolution
		Debug|Any CPU = Debug|Any CPU
		Release|Any CPU = Release|Any CPU
	EndGlobalSection
	GlobalSection(ProjectConfigurationPlatforms) = postSolution
		{F1E19DCC-670D-462C-9589-BB43090CA243}.Debug|Any CPU.ActiveCfg = Debug|Any CPU
		{F1E19DCC-670D-462C-9589-BB43090CA243}.Debug|Any CPU.Build.0 = Debug|Any CPU
		{F1E19DCC-670D-462C-9589-BB43090CA243}.Release|Any CPU.ActiveCfg = Release|Any CPU
		{F1E19DCC-670D-462C-9589-BB43090CA243}.Release|Any CPU.Build.0 = Release|Any CPU
	EndGlobalSection
	GlobalSection(SolutionProperties) = preSolution
		HideSolutionNode = FALSE
	EndGlobalSection
	GlobalSection(ExtensibilityGlobals) = postSolution
		SolutionGuid = {BE4457E1-3616-48B4-AFF8-05669FCE58F8}
	EndGlobalSection
EndGlobal
